// !$*UTF8*$!
{
	archiveVersion = 1;
	classes = {
	};
	objectVersion = 46;
	objects = {

/* Begin PBXBuildFile section */
		C094CF8C1E5CF94D00D34E2F /* main.cpp in Sources */ = {isa = PBXBuildFile; fileRef = C094CF8B1E5CF94D00D34E2F /* main.cpp */; };
		C094CF971E5CF9A200D34E2F /* cAxes.cpp in Sources */ = {isa = PBXBuildFile; fileRef = C094CF921E5CF9A200D34E2F /* cAxes.cpp */; };
		C094CF981E5CF9A200D34E2F /* cCube.cpp in Sources */ = {isa = PBXBuildFile; fileRef = C094CF931E5CF9A200D34E2F /* cCube.cpp */; };
		C094CF991E5CF9A200D34E2F /* cCylinder.cpp in Sources */ = {isa = PBXBuildFile; fileRef = C094CF941E5CF9A200D34E2F /* cCylinder.cpp */; };
		C094CF9A1E5CF9A200D34E2F /* cDroid.cpp in Sources */ = {isa = PBXBuildFile; fileRef = C094CF951E5CF9A200D34E2F /* cDroid.cpp */; };
		C094CF9B1E5CF9A200D34E2F /* cSphere.cpp in Sources */ = {isa = PBXBuildFile; fileRef = C094CF961E5CF9A200D34E2F /* cSphere.cpp */; };
		C094CFA61E5CF9E200D34E2F /* GLKit.framework in Frameworks */ = {isa = PBXBuildFile; fileRef = C094CFA31E5CF9E200D34E2F /* GLKit.framework */; };
		C094CFA71E5CF9E200D34E2F /* GLUT.framework in Frameworks */ = {isa = PBXBuildFile; fileRef = C094CFA41E5CF9E200D34E2F /* GLUT.framework */; };
		C094CFA81E5CF9E200D34E2F /* OpenGL.framework in Frameworks */ = {isa = PBXBuildFile; fileRef = C094CFA51E5CF9E200D34E2F /* OpenGL.framework */; };
/* End PBXBuildFile section */

/* Begin PBXCopyFilesBuildPhase section */
		C094CF861E5CF94D00D34E2F /* CopyFiles */ = {
			isa = PBXCopyFilesBuildPhase;
			buildActionMask = 2147483647;
			dstPath = /usr/share/man/man1/;
			dstSubfolderSpec = 0;
			files = (
			);
			runOnlyForDeploymentPostprocessing = 1;
		};
/* End PBXCopyFilesBuildPhase section */

/* Begin PBXFileReference section */
		C094CF881E5CF94D00D34E2F /* Robot */ = {isa = PBXFileReference; explicitFileType = "compiled.mach-o.executable"; includeInIndex = 0; path = Robot; sourceTree = BUILT_PRODUCTS_DIR; };
		C094CF8B1E5CF94D00D34E2F /* main.cpp */ = {isa = PBXFileReference; lastKnownFileType = sourcecode.cpp.cpp; path = main.cpp; sourceTree = "<group>"; };
		C094CF921E5CF9A200D34E2F /* cAxes.cpp */ = {isa = PBXFileReference; fileEncoding = 4; lastKnownFileType = sourcecode.cpp.cpp; path = cAxes.cpp; sourceTree = "<group>"; };
		C094CF931E5CF9A200D34E2F /* cCube.cpp */ = {isa = PBXFileReference; fileEncoding = 4; lastKnownFileType = sourcecode.cpp.cpp; path = cCube.cpp; sourceTree = "<group>"; };
		C094CF941E5CF9A200D34E2F /* cCylinder.cpp */ = {isa = PBXFileReference; fileEncoding = 4; lastKnownFileType = sourcecode.cpp.cpp; path = cCylinder.cpp; sourceTree = "<group>"; };
		C094CF951E5CF9A200D34E2F /* cDroid.cpp */ = {isa = PBXFileReference; fileEncoding = 4; lastKnownFileType = sourcecode.cpp.cpp; path = cDroid.cpp; sourceTree = "<group>"; };
		C094CF961E5CF9A200D34E2F /* cSphere.cpp */ = {isa = PBXFileReference; fileEncoding = 4; lastKnownFileType = sourcecode.cpp.cpp; path = cSphere.cpp; sourceTree = "<group>"; };
		C094CF9D1E5CF9C000D34E2F /* cAxes.h */ = {isa = PBXFileReference; lastKnownFileType = sourcecode.c.h; path = cAxes.h; sourceTree = "<group>"; };
		C094CF9E1E5CF9C000D34E2F /* cCube.h */ = {isa = PBXFileReference; lastKnownFileType = sourcecode.c.h; path = cCube.h; sourceTree = "<group>"; };
		C094CF9F1E5CF9C000D34E2F /* cCylinder.h */ = {isa = PBXFileReference; lastKnownFileType = sourcecode.c.h; path = cCylinder.h; sourceTree = "<group>"; };
		C094CFA01E5CF9C000D34E2F /* cDroid.h */ = {isa = PBXFileReference; lastKnownFileType = sourcecode.c.h; path = cDroid.h; sourceTree = "<group>"; };
		C094CFA11E5CF9C000D34E2F /* cSphere.h */ = {isa = PBXFileReference; lastKnownFileType = sourcecode.c.h; path = cSphere.h; sourceTree = "<group>"; };
		C094CFA31E5CF9E200D34E2F /* GLKit.framework */ = {isa = PBXFileReference; lastKnownFileType = wrapper.framework; name = GLKit.framework; path = System/Library/Frameworks/GLKit.framework; sourceTree = SDKROOT; };
		C094CFA41E5CF9E200D34E2F /* GLUT.framework */ = {isa = PBXFileReference; lastKnownFileType = wrapper.framework; name = GLUT.framework; path = System/Library/Frameworks/GLUT.framework; sourceTree = SDKROOT; };
		C094CFA51E5CF9E200D34E2F /* OpenGL.framework */ = {isa = PBXFileReference; lastKnownFileType = wrapper.framework; name = OpenGL.framework; path = System/Library/Frameworks/OpenGL.framework; sourceTree = SDKROOT; };
/* End PBXFileReference section */

/* Begin PBXFrameworksBuildPhase section */
		C094CF851E5CF94D00D34E2F /* Frameworks */ = {
			isa = PBXFrameworksBuildPhase;
			buildActionMask = 2147483647;
			files = (
				C094CFA61E5CF9E200D34E2F /* GLKit.framework in Frameworks */,
				C094CFA71E5CF9E200D34E2F /* GLUT.framework in Frameworks */,
				C094CFA81E5CF9E200D34E2F /* OpenGL.framework in Frameworks */,
			);
			runOnlyForDeploymentPostprocessing = 0;
		};
/* End PBXFrameworksBuildPhase section */

/* Begin PBXGroup section */
		C094CF7F1E5CF94D00D34E2F = {
			isa = PBXGroup;
			children = (
				C094CF9C1E5CF9B400D34E2F /* Header */,
				C094CF8A1E5CF94D00D34E2F /* Robot */,
				C094CF891E5CF94D00D34E2F /* Products */,
				C094CFA21E5CF9E200D34E2F /* Frameworks */,
			);
			sourceTree = "<group>";
		};
		C094CF891E5CF94D00D34E2F /* Products */ = {
			isa = PBXGroup;
			children = (
				C094CF881E5CF94D00D34E2F /* Robot */,
			);
			name = Products;
			sourceTree = "<group>";
		};
		C094CF8A1E5CF94D00D34E2F /* Robot */ = {
			isa = PBXGroup;
			children = (
				C094CF921E5CF9A200D34E2F /* cAxes.cpp */,
				C094CF931E5CF9A200D34E2F /* cCube.cpp */,
				C094CF941E5CF9A200D34E2F /* cCylinder.cpp */,
				C094CF951E5CF9A200D34E2F /* cDroid.cpp */,
				C094CF961E5CF9A200D34E2F /* cSphere.cpp */,
				C094CF8B1E5CF94D00D34E2F /* main.cpp */,
			);
			path = Robot;
			sourceTree = "<group>";
		};
		C094CF9C1E5CF9B400D34E2F /* Header */ = {
			isa = PBXGroup;
			children = (
				C094CF9D1E5CF9C000D34E2F /* cAxes.h */,
				C094CF9E1E5CF9C000D34E2F /* cCube.h */,
				C094CF9F1E5CF9C000D34E2F /* cCylinder.h */,
				C094CFA01E5CF9C000D34E2F /* cDroid.h */,
				C094CFA11E5CF9C000D34E2F /* cSphere.h */,
			);
			name = Header;
			sourceTree = "<group>";
		};
		C094CFA21E5CF9E200D34E2F /* Frameworks */ = {
			isa = PBXGroup;
			children = (
				C094CFA31E5CF9E200D34E2F /* GLKit.framework */,
				C094CFA41E5CF9E200D34E2F /* GLUT.framework */,
				C094CFA51E5CF9E200D34E2F /* OpenGL.framework */,
			);
			name = Frameworks;
			sourceTree = "<group>";
		};
/* End PBXGroup section */

/* Begin PBXNativeTarget section */
		C094CF871E5CF94D00D34E2F /* Robot */ = {
			isa = PBXNativeTarget;
			buildConfigurationList = C094CF8F1E5CF94D00D34E2F /* Build configuration list for PBXNativeTarget "Robot" */;
			buildPhases = (
				C094CF841E5CF94D00D34E2F /* Sources */,
				C094CF851E5CF94D00D34E2F /* Frameworks */,
				C094CF861E5CF94D00D34E2F /* CopyFiles */,
			);
			buildRules = (
			);
			dependencies = (
			);
			name = Robot;
			productName = Robot;
			productReference = C094CF881E5CF94D00D34E2F /* Robot */;
			productType = "com.apple.product-type.tool";
		};
/* End PBXNativeTarget section */

/* Begin PBXProject section */
		C094CF801E5CF94D00D34E2F /* Project object */ = {
			isa = PBXProject;
			attributes = {
				LastUpgradeCheck = 0810;
				ORGANIZATIONNAME = "Jacobo Tapia";
				TargetAttributes = {
					C094CF871E5CF94D00D34E2F = {
						CreatedOnToolsVersion = 8.1;
						DevelopmentTeam = HE4EKT63AW;
						ProvisioningStyle = Automatic;
					};
				};
			};
			buildConfigurationList = C094CF831E5CF94D00D34E2F /* Build configuration list for PBXProject "Robot" */;
			compatibilityVersion = "Xcode 3.2";
			developmentRegion = English;
			hasScannedForEncodings = 0;
			knownRegions = (
				en,
			);
			mainGroup = C094CF7F1E5CF94D00D34E2F;
			productRefGroup = C094CF891E5CF94D00D34E2F /* Products */;
			projectDirPath = "";
			projectRoot = "";
			targets = (
				C094CF871E5CF94D00D34E2F /* Robot */,
			);
		};
/* End PBXProject section */

/* Begin PBXSourcesBuildPhase section */
		C094CF841E5CF94D00D34E2F /* Sources */ = {
			isa = PBXSourcesBuildPhase;
			buildActionMask = 2147483647;
			files = (
				C094CF971E5CF9A200D34E2F /* cAxes.cpp in Sources */,
				C094CF981E5CF9A200D34E2F /* cCube.cpp in Sources */,
				C094CF9B1E5CF9A200D34E2F /* cSphere.cpp in Sources */,
				C094CF8C1E5CF94D00D34E2F /* main.cpp in Sources */,
				C094CF9A1E5CF9A200D34E2F /* cDroid.cpp in Sources */,
				C094CF991E5CF9A200D34E2F /* cCylinder.cpp in Sources */,
			);
			runOnlyForDeploymentPostprocessing = 0;
		};
/* End PBXSourcesBuildPhase section */

/* Begin XCBuildConfiguration section */
		C094CF8D1E5CF94D00D34E2F /* Debug */ = {
			isa = XCBuildConfiguration;
			buildSettings = {
				ALWAYS_SEARCH_USER_PATHS = NO;
				CLANG_ANALYZER_NONNULL = YES;
				CLANG_CXX_LANGUAGE_STANDARD = "gnu++0x";
				CLANG_CXX_LIBRARY = "libc++";
				CLANG_ENABLE_MODULES = YES;
				CLANG_ENABLE_OBJC_ARC = YES;
				CLANG_WARN_BOOL_CONVERSION = YES;
				CLANG_WARN_CONSTANT_CONVERSION = YES;
				CLANG_WARN_DIRECT_OBJC_ISA_USAGE = YES_ERROR;
				CLANG_WARN_DOCUMENTATION_COMMENTS = YES;
				CLANG_WARN_EMPTY_BODY = YES;
				CLANG_WARN_ENUM_CONVERSION = YES;
				CLANG_WARN_INFINITE_RECURSION = YES;
				CLANG_WARN_INT_CONVERSION = YES;
				CLANG_WARN_OBJC_ROOT_CLASS = YES_ERROR;
				CLANG_WARN_SUSPICIOUS_MOVES = YES;
				CLANG_WARN_UNREACHABLE_CODE = YES;
				CLANG_WARN__DUPLICATE_METHOD_MATCH = YES;
				CODE_SIGN_IDENTITY = "-";
				COPY_PHASE_STRIP = NO;
				DEBUG_INFORMATION_FORMAT = dwarf;
				ENABLE_STRICT_OBJC_MSGSEND = YES;
				ENABLE_TESTABILITY = YES;
				GCC_C_LANGUAGE_STANDARD = gnu99;
				GCC_DYNAMIC_NO_PIC = NO;
				GCC_NO_COMMON_BLOCKS = YES;
				GCC_OPTIMIZATION_LEVEL = 0;
				GCC_PREPROCESSOR_DEFINITIONS = (
					"DEBUG=1",
					"$(inherited)",
				);
				GCC_WARN_64_TO_32_BIT_CONVERSION = YES;
				GCC_WARN_ABOUT_RETURN_TYPE = YES_ERROR;
				GCC_WARN_UNDECLARED_SELECTOR = YES;
				GCC_WARN_UNINITIALIZED_AUTOS = YES_AGGRESSIVE;
				GCC_WARN_UNUSED_FUNCTION = YES;
				GCC_WARN_UNUSED_VARIABLE = YES;
				MACOSX_DEPLOYMENT_TARGET = 10.12;
				MTL_ENABLE_DEBUG_INFO = YES;
				ONLY_ACTIVE_ARCH = YES;
				SDKROOT = macosx;
			};
			name = Debug;
		};
		C094CF8E1E5CF94D00D34E2F /* Release */ = {
			isa = XCBuildConfiguration;
			buildSettings = {
				ALWAYS_SEARCH_USER_PATHS = NO;
				CLANG_ANALYZER_NONNULL = YES;
				CLANG_CXX_LANGUAGE_STANDARD = "gnu++0x";
				CLANG_CXX_LIBRARY = "libc++";
				CLANG_ENABLE_MODULES = YES;
				CLANG_ENABLE_OBJC_ARC = YES;
				CLANG_WARN_BOOL_CONVERSION = YES;
				CLANG_WARN_CONSTANT_CONVERSION = YES;
				CLANG_WARN_DIRECT_OBJC_ISA_USAGE = YES_ERROR;
				CLANG_WARN_DOCUMENTATION_COMMENTS = YES;
				CLANG_WARN_EMPTY_BODY = YES;
				CLANG_WARN_ENUM_CONVERSION = YES;
				CLANG_WARN_INFINITE_RECURSION = YES;
				CLANG_WARN_INT_CONVERSION = YES;
				CLANG_WARN_OBJC_ROOT_CLASS = YES_ERROR;
				CLANG_WARN_SUSPICIOUS_MOVES = YES;
				CLANG_WARN_UNREACHABLE_CODE = YES;
				CLANG_WARN__DUPLICATE_METHOD_MATCH = YES;
				CODE_SIGN_IDENTITY = "-";
				COPY_PHASE_STRIP = NO;
				DEBUG_INFORMATION_FORMAT = "dwarf-with-dsym";
				ENABLE_NS_ASSERTIONS = NO;
				ENABLE_STRICT_OBJC_MSGSEND = YES;
				GCC_C_LANGUAGE_STANDARD = gnu99;
				GCC_NO_COMMON_BLOCKS = YES;
				GCC_WARN_64_TO_32_BIT_CONVERSION = YES;
				GCC_WARN_ABOUT_RETURN_TYPE = YES_ERROR;
				GCC_WARN_UNDECLARED_SELECTOR = YES;
				GCC_WARN_UNINITIALIZED_AUTOS = YES_AGGRESSIVE;
				GCC_WARN_UNUSED_FUNCTION = YES;
				GCC_WARN_UNUSED_VARIABLE = YES;
				MACOSX_DEPLOYMENT_TARGET = 10.12;
				MTL_ENABLE_DEBUG_INFO = NO;
				SDKROOT = macosx;
			};
			name = Release;
		};
		C094CF901E5CF94D00D34E2F /* Debug */ = {
			isa = XCBuildConfiguration;
			buildSettings = {
				DEVELOPMENT_TEAM = HE4EKT63AW;
				PRODUCT_NAME = "$(TARGET_NAME)";
			};
			name = Debug;
		};
		C094CF911E5CF94D00D34E2F /* Release */ = {
			isa = XCBuildConfiguration;
			buildSettings = {
				DEVELOPMENT_TEAM = HE4EKT63AW;
				PRODUCT_NAME = "$(TARGET_NAME)";
			};
			name = Release;
		};
/* End XCBuildConfiguration section */

/* Begin XCConfigurationList section */
		C094CF831E5CF94D00D34E2F /* Build configuration list for PBXProject "Robot" */ = {
			isa = XCConfigurationList;
			buildConfigurations = (
				C094CF8D1E5CF94D00D34E2F /* Debug */,
				C094CF8E1E5CF94D00D34E2F /* Release */,
			);
			defaultConfigurationIsVisible = 0;
			defaultConfigurationName = Release;
		};
		C094CF8F1E5CF94D00D34E2F /* Build configuration list for PBXNativeTarget "Robot" */ = {
			isa = XCConfigurationList;
			buildConfigurations = (
				C094CF901E5CF94D00D34E2F /* Debug */,
				C094CF911E5CF94D00D34E2F /* Release */,
			);
			defaultConfigurationIsVisible = 0;
		};
/* End XCConfigurationList section */
	};
	rootObject = C094CF801E5CF94D00D34E2F /* Project object */;
}
